#
# This file is autogenerated by pip-compile with Python 3.13
# by the following command:
#
#    pip-compile --generate-hashes --no-upgrade --reuse-hashes --output-file=backend/requirements.lock backend/requirements.txt
#
# Review platform coverage before updating this file; do not use it for blind dependency upgrades.
#
alembic==1.15.2 \
    --hash=sha256:1c72391bbdeffccfe317eefba686cb9a3c078005478885413b95c3b26c57a8a7 \
    --hash=sha256:2e76bd916d547f6900ec4bb5a90aeac1485d2c92536923d0b138c02b126edc53
    # via -r backend/requirements.txt
annotated-doc==0.0.5 \
    --hash=sha256:117bac03a25ede5df5440e855b32d556049ca169ead221505badf432fed4b101 \
    --hash=sha256:c7e58ce09192557605d8bbd92836d7e1d520ac9580096042c0bfd197efacf1bb
    # via fastapi
