# MailRecon production dependency lock.
# Keep this file as the single production install input for Docker and CI.
# Versions are intentionally aligned with the existing direct requirements; no
# application dependency upgrades are introduced by Phase 15.
# Hashes are not embedded because platform-specific wheels differ; CI uses
# pip-audit on this exact locked set.

alembic==1.15.2
annotated-types==0.7.0
anyio==4.8.0
certifi==2025.1.31
click==8.1.8
dnspython==2.7.0
email-validator==2.2.0
fastapi==0.133.0
greenlet==3.1.1
h11==0.14.0
httpcore==1.0.7
httpx==0.28.1
httptools==0.6.4
idna==3.10
iniconfig==2.0.0
Mako==1.3.9
MarkupSafe==3.0.2
packaging==24.2
pillow==11.1.0
pluggy==1.5.0
pydantic==2.10.6
pydantic-core==2.27.2
pydantic-settings==2.9.1
Pygments==2.19.1
pytest==9.0.3
pytest-asyncio==1.3.0
python-dotenv==1.0.1
python-multipart==0.0.31
PyYAML==6.0.2
reportlab==4.3.1
sniffio==1.3.1
SQLAlchemy==2.0.52
starlette==0.46.1
typing-extensions==4.12.2
typing-inspection==0.4.1
uvicorn==0.34.0
uvloop==0.21.0
watchfiles==1.0.4
websockets==14.2
